// !$*UTF8*$!
{
	archiveVersion = 1;
	classes = {
	};
	objectVersion = 56;
	objects = {

/* Begin PBXBuildFile section */
		1D7BB1E22CF472C00023AC1C /* Kingfisher in Frameworks */ = {isa = PBXBuildFile; productRef = 1D7BB1E12CF472C00023AC1C /* Kingfisher */; };
		1D7BB1E52CF472CE0023AC1C /* SnapKit in Frameworks */ = {isa = PBXBuildFile; productRef = 1D7BB1E42CF472CE0023AC1C /* SnapKit */; };
		1D7BB1EA2CF472DA0023AC1C /* DesignSystem in Frameworks */ = {isa = PBXBuildFile; productRef = 1D7BB1E92CF472DA0023AC1C /* DesignSystem */; };
		1D999D452CE0BADA004A4029 /* AppDelegate.swift in Sources */ = {isa = PBXBuildFile; fileRef = 1D999D442CE0BADA004A4029 /* AppDelegate.swift */; };
		1D999D472CE0BADA004A4029 /* SceneDelegate.swift in Sources */ = {isa = PBXBuildFile; fileRef = 1D999D462CE0BADA004A4029 /* SceneDelegate.swift */; };
		1D999D492CE0BADA004A4029 /* ViewController.swift in Sources */ = {isa = PBXBuildFile; fileRef = 1D999D482CE0BADA004A4029 /* ViewController.swift */; };
		1D999D512CE0BADC004A4029 /* Base in Resources */ = {isa = PBXBuildFile; fileRef = 1D999D502CE0BADC004A4029 /* Base */; };
		1D999D7B2CE11337004A4029 /* UIView+.swift in Sources */ = {isa = PBXBuildFile; fileRef = 1D999D7A2CE11337004A4029 /* UIView+.swift */; };
		1D999D7D2CE113A7004A4029 /* Date+.swift in Sources */ = {isa = PBXBuildFile; fileRef = 1D999D7C2CE113A7004A4029 /* Date+.swift */; };
		1D999D7F2CE113E8004A4029 /* String+.swift in Sources */ = {isa = PBXBuildFile; fileRef = 1D999D7E2CE113E8004A4029 /* String+.swift */; };
		1D999D812CE11466004A4029 /* URL+.swift in Sources */ = {isa = PBXBuildFile; fileRef = 1D999D802CE11466004A4029 /* URL+.swift */; };
		1D999D832CE1148F004A4029 /* UIViewController+.swift in Sources */ = {isa = PBXBuildFile; fileRef = 1D999D822CE1148F004A4029 /* UIViewController+.swift */; };
		1D999D852CE114DE004A4029 /* UIStackView+.swift in Sources */ = {isa = PBXBuildFile; fileRef = 1D999D842CE114DE004A4029 /* UIStackView+.swift */; };
		1D999D872CE1151B004A4029 /* UILabel+.swift in Sources */ = {isa = PBXBuildFile; fileRef = 1D999D862CE1151B004A4029 /* UILabel+.swift */; };
		1D999D892CE11582004A4029 /* UIButton+.swift in Sources */ = {isa = PBXBuildFile; fileRef = 1D999D882CE11582004A4029 /* UIButton+.swift */; };
		1D999D8B2CE115B8004A4029 /* UITextField+.swift in Sources */ = {isa = PBXBuildFile; fileRef = 1D999D8A2CE115B8004A4029 /* UITextField+.swift */; };
		1D999D8D2CE115EF004A4029 /* adjusted+.swift in Sources */ = {isa = PBXBuildFile; fileRef = 1D999D8C2CE115EF004A4029 /* adjusted+.swift */; };
		1D999D8F2CE11618004A4029 /* NSObject+.swift in Sources */ = {isa = PBXBuildFile; fileRef = 1D999D8E2CE11618004A4029 /* NSObject+.swift */; };
		1D999D912CE11797004A4029 /* TabBarController.swift in Sources */ = {isa = PBXBuildFile; fileRef = 1D999D902CE11797004A4029 /* TabBarController.swift */; };
		1DDA3FA32CF384440001EA85 /* TabBarItem.swift in Sources */ = {isa = PBXBuildFile; fileRef = 1DDA3FA22CF384440001EA85 /* TabBarItem.swift */; };
/* End PBXBuildFile section */

/* Begin PBXFileReference section */
		1D999D412CE0BADA004A4029 /* Buttwink.app */ = {isa = PBXFileReference; explicitFileType = wrapper.application; includeInIndex = 0; path = Buttwink.app; sourceTree = BUILT_PRODUCTS_DIR; };
		1D999D442CE0BADA004A4029 /* AppDelegate.swift */ = {isa = PBXFileReference; lastKnownFileType = sourcecode.swift; path = AppDelegate.swift; sourceTree = "<group>"; };
		1D999D462CE0BADA004A4029 /* SceneDelegate.swift */ = {isa = PBXFileReference; lastKnownFileType = sourcecode.swift; path = SceneDelegate.swift; sourceTree = "<group>"; };
		1D999D482CE0BADA004A4029 /* ViewController.swift */ = {isa = PBXFileReference; lastKnownFileType = sourcecode.swift; path = ViewController.swift; sourceTree = "<group>"; };
		1D999D4B2CE0BADA004A4029 /* Base */ = {isa = PBXFileReference; lastKnownFileType = file.storyboard; name = Base; path = Base.lproj/Main.storyboard; sourceTree = "<group>"; };
		1D999D502CE0BADC004A4029 /* Base */ = {isa = PBXFileReference; lastKnownFileType = file.storyboard; name = Base; path = Base.lproj/LaunchScreen.storyboard; sourceTree = "<group>"; };
		1D999D522CE0BADC004A4029 /* Info.plist */ = {isa = PBXFileReference; lastKnownFileType = text.plist.xml; path = Info.plist; sourceTree = "<group>"; };
		1D999D7A2CE11337004A4029 /* UIView+.swift */ = {isa = PBXFileReference; lastKnownFileType = sourcecode.swift; path = "UIView+.swift"; sourceTree = "<group>"; };
		1D999D7C2CE113A7004A4029 /* Date+.swift */ = {isa = PBXFileReference; lastKnownFileType = sourcecode.swift; path = "Date+.swift"; sourceTree = "<group>"; };
		1D999D7E2CE113E8004A4029 /* String+.swift */ = {isa = PBXFileReference; lastKnownFileType = sourcecode.swift; path = "String+.swift"; sourceTree = "<group>"; };
		1D999D802CE11466004A4029 /* URL+.swift */ = {isa = PBXFileReference; lastKnownFileType = sourcecode.swift; path = "URL+.swift"; sourceTree = "<group>"; };
		1D999D822CE1148F004A4029 /* UIViewController+.swift */ = {isa = PBXFileReference; lastKnownFileType = sourcecode.swift; path = "UIViewController+.swift"; sourceTree = "<group>"; };
		1D999D842CE114DE004A4029 /* UIStackView+.swift */ = {isa = PBXFileReference; lastKnownFileType = sourcecode.swift; path = "UIStackView+.swift"; sourceTree = "<group>"; };
		1D999D862CE1151B004A4029 /* UILabel+.swift */ = {isa = PBXFileReference; lastKnownFileType = sourcecode.swift; path = "UILabel+.swift"; sourceTree = "<group>"; };
		1D999D882CE11582004A4029 /* UIButton+.swift */ = {isa = PBXFileReference; lastKnownFileType = sourcecode.swift; path = "UIButton+.swift"; sourceTree = "<group>"; };
		1D999D8A2CE115B8004A4029 /* UITextField+.swift */ = {isa = PBXFileReference; lastKnownFileType = sourcecode.swift; path = "UITextField+.swift"; sourceTree = "<group>"; };
		1D999D8C2CE115EF004A4029 /* adjusted+.swift */ = {isa = PBXFileReference; lastKnownFileType = sourcecode.swift; path = "adjusted+.swift"; sourceTree = "<group>"; };
		1D999D8E2CE11618004A4029 /* NSObject+.swift */ = {isa = PBXFileReference; lastKnownFileType = sourcecode.swift; path = "NSObject+.swift"; sourceTree = "<group>"; };
		1D999D902CE11797004A4029 /* TabBarController.swift */ = {isa = PBXFileReference; lastKnownFileType = sourcecode.swift; path = TabBarController.swift; sourceTree = "<group>"; };
		1DDA3FA22CF384440001EA85 /* TabBarItem.swift */ = {isa = PBXFileReference; lastKnownFileType = sourcecode.swift; path = TabBarItem.swift; sourceTree = "<group>"; };
/* End PBXFileReference section */

/* Begin PBXFrameworksBuildPhase section */
		1D999D3E2CE0BADA004A4029 /* Frameworks */ = {
			isa = PBXFrameworksBuildPhase;
			buildActionMask = 2147483647;
			files = (
				1D7BB1E22CF472C00023AC1C /* Kingfisher in Frameworks */,
				1D7BB1E52CF472CE0023AC1C /* SnapKit in Frameworks */,
				1D7BB1EA2CF472DA0023AC1C /* DesignSystem in Frameworks */,
			);
			runOnlyForDeploymentPostprocessing = 0;
		};
/* End PBXFrameworksBuildPhase section */

/* Begin PBXGroup section */
		1D999D382CE0BADA004A4029 = {
			isa = PBXGroup;
			children = (
				1D999D922CE119DB004A4029 /* Common */,
				1D999D432CE0BADA004A4029 /* Buttwink */,
				1D999D422CE0BADA004A4029 /* Products */,
			);
			sourceTree = "<group>";
		};
		1D999D422CE0BADA004A4029 /* Products */ = {
			isa = PBXGroup;
			children = (
				1D999D412CE0BADA004A4029 /* Buttwink.app */,
			);
			name = Products;
			sourceTree = "<group>";
		};
		1D999D432CE0BADA004A4029 /* Buttwink */ = {
			isa = PBXGroup;
			children = (
				1D999D5D2CE0DB6D004A4029 /* Presentation */,
				1D999D5C2CE0DB66004A4029 /* Network */,
				1D999D5B2CE0DB60004A4029 /* Domain */,
				1D999D5A2CE0DB44004A4029 /* Data_AlamofireRepository */,
				1D999D592CE0DB2D004A4029 /* Resource */,
				1D999D582CE0DB21004A4029 /* Source */,
				1D999D482CE0BADA004A4029 /* ViewController.swift */,
			);
			path = Buttwink;
			sourceTree = "<group>";
		};
		1D999D582CE0DB21004A4029 /* Source */ = {
			isa = PBXGroup;
			children = (
				1D999D652CE0DBB4004A4029 /* Supports */,
				1D999D642CE0DBAB004A4029 /* Scene */,
				1D999D632CE0DBA4004A4029 /* Repository */,
				1D999D602CE0DB8E004A4029 /* Models */,
				1D999D5F2CE0DB89004A4029 /* Global */,
				1D999D5E2CE0DB81004A4029 /* Extension */,
			);
			path = Source;
			sourceTree = "<group>";
		};
		1D999D592CE0DB2D004A4029 /* Resource */ = {
			isa = PBXGroup;
			children = (
				1D999D692CE0DC5A004A4029 /* Base */,
				1D999D522CE0BADC004A4029 /* Info.plist */,
			);
			path = Resource;
			sourceTree = "<group>";
		};
		1D999D5A2CE0DB44004A4029 /* Data_AlamofireRepository */ = {
			isa = PBXGroup;
			children = (
			);
			path = Data_AlamofireRepository;
			sourceTree = "<group>";
		};
		1D999D5B2CE0DB60004A4029 /* Domain */ = {
			isa = PBXGroup;
			children = (
				1D999D6C2CE0DC8F004A4029 /* UseCase */,
				1D999D6B2CE0DC86004A4029 /* RepositoryInterface */,
				1D999D6A2CE0DC80004A4029 /* Entity */,
			);
			path = Domain;
			sourceTree = "<group>";
		};
		1D999D5C2CE0DB66004A4029 /* Network */ = {
			isa = PBXGroup;
			children = (
				1D999D6F2CE0DCB6004A4029 /* MockService */,
				1D999D6E2CE0DCB0004A4029 /* Base */,
				1D999D6D2CE0DC9B004A4029 /* APIServiceRxSwift */,
			);
			path = Network;
			sourceTree = "<group>";
		};
		1D999D5D2CE0DB6D004A4029 /* Presentation */ = {
			isa = PBXGroup;
			children = (
			);
			path = Presentation;
			sourceTree = "<group>";
		};
		1D999D5E2CE0DB81004A4029 /* Extension */ = {
			isa = PBXGroup;
			children = (
				1D999D7A2CE11337004A4029 /* UIView+.swift */,
				1D999D7C2CE113A7004A4029 /* Date+.swift */,
				1D999D7E2CE113E8004A4029 /* String+.swift */,
				1D999D802CE11466004A4029 /* URL+.swift */,
				1D999D822CE1148F004A4029 /* UIViewController+.swift */,
				1D999D842CE114DE004A4029 /* UIStackView+.swift */,
				1D999D862CE1151B004A4029 /* UILabel+.swift */,
				1D999D882CE11582004A4029 /* UIButton+.swift */,
				1D999D8A2CE115B8004A4029 /* UITextField+.swift */,
				1D999D8C2CE115EF004A4029 /* adjusted+.swift */,
				1D999D8E2CE11618004A4029 /* NSObject+.swift */,
			);
			path = Extension;
			sourceTree = "<group>";
		};
		1D999D5F2CE0DB89004A4029 /* Global */ = {
			isa = PBXGroup;
			children = (
				1D999D672CE0DBEC004A4029 /* Shared */,
				1D999D662CE0DBE9004A4029 /* Base */,
			);
			path = Global;
			sourceTree = "<group>";
		};
		1D999D602CE0DB8E004A4029 /* Models */ = {
			isa = PBXGroup;
			children = (
				1D999D622CE0DB9E004A4029 /* Entity */,
				1D999D612CE0DB98004A4029 /* DataModel */,
			);
			path = Models;
			sourceTree = "<group>";
		};
		1D999D612CE0DB98004A4029 /* DataModel */ = {
			isa = PBXGroup;
			children = (
			);
			path = DataModel;
			sourceTree = "<group>";
		};
		1D999D622CE0DB9E004A4029 /* Entity */ = {
			isa = PBXGroup;
			children = (
			);
			path = Entity;
			sourceTree = "<group>";
		};
		1D999D632CE0DBA4004A4029 /* Repository */ = {
			isa = PBXGroup;
			children = (
			);
			path = Repository;
			sourceTree = "<group>";
		};
		1D999D642CE0DBAB004A4029 /* Scene */ = {
			isa = PBXGroup;
			children = (
				1D999D902CE11797004A4029 /* TabBarController.swift */,
				1DDA3FA22CF384440001EA85 /* TabBarItem.swift */,
			);
			path = Scene;
			sourceTree = "<group>";
		};
		1D999D652CE0DBB4004A4029 /* Supports */ = {
			isa = PBXGroup;
			children = (
				1D999D442CE0BADA004A4029 /* AppDelegate.swift */,
				1D999D462CE0BADA004A4029 /* SceneDelegate.swift */,
			);
			path = Supports;
			sourceTree = "<group>";
		};
		1D999D662CE0DBE9004A4029 /* Base */ = {
			isa = PBXGroup;
			children = (
			);
			path = Base;
			sourceTree = "<group>";
		};
		1D999D672CE0DBEC004A4029 /* Shared */ = {
			isa = PBXGroup;
			children = (
			);
			path = Shared;
			sourceTree = "<group>";
		};
		1D999D692CE0DC5A004A4029 /* Base */ = {
			isa = PBXGroup;
			children = (
				1D999D4A2CE0BADA004A4029 /* Main.storyboard */,
				1D999D4F2CE0BADC004A4029 /* LaunchScreen.storyboard */,
			);
			path = Base;
			sourceTree = "<group>";
		};
		1D999D6A2CE0DC80004A4029 /* Entity */ = {
			isa = PBXGroup;
			children = (
			);
			path = Entity;
			sourceTree = "<group>";
		};
		1D999D6B2CE0DC86004A4029 /* RepositoryInterface */ = {
			isa = PBXGroup;
			children = (
			);
			path = RepositoryInterface;
			sourceTree = "<group>";
		};
		1D999D6C2CE0DC8F004A4029 /* UseCase */ = {
			isa = PBXGroup;
			children = (
			);
			path = UseCase;
			sourceTree = "<group>";
		};
		1D999D6D2CE0DC9B004A4029 /* APIServiceRxSwift */ = {
			isa = PBXGroup;
			children = (
			);
			path = APIServiceRxSwift;
			sourceTree = "<group>";
		};
		1D999D6E2CE0DCB0004A4029 /* Base */ = {
			isa = PBXGroup;
			children = (
			);
			path = Base;
			sourceTree = "<group>";
		};
		1D999D6F2CE0DCB6004A4029 /* MockService */ = {
			isa = PBXGroup;
			children = (
			);
			path = MockService;
			sourceTree = "<group>";
		};
		1D999D922CE119DB004A4029 /* Common */ = {
			isa = PBXGroup;
			children = (
			);
			path = Common;
			sourceTree = "<group>";
		};
/* End PBXGroup section */

/* Begin PBXNativeTarget section */
		1D999D402CE0BADA004A4029 /* Buttwink */ = {
			isa = PBXNativeTarget;
			buildConfigurationList = 1D999D552CE0BADC004A4029 /* Build configuration list for PBXNativeTarget "Buttwink" */;
			buildPhases = (
				1D999D3D2CE0BADA004A4029 /* Sources */,
				1D999D3E2CE0BADA004A4029 /* Frameworks */,
				1D999D3F2CE0BADA004A4029 /* Resources */,
			);
			buildRules = (
			);
			dependencies = (
			);
			name = Buttwink;
			packageProductDependencies = (
				1D7BB1E12CF472C00023AC1C /* Kingfisher */,
				1D7BB1E42CF472CE0023AC1C /* SnapKit */,
				1D7BB1E92CF472DA0023AC1C /* DesignSystem */,
			);
			productName = Buttwink;
			productReference = 1D999D412CE0BADA004A4029 /* Buttwink.app */;
			productType = "com.apple.product-type.application";
		};
/* End PBXNativeTarget section */

/* Begin PBXProject section */
		1D999D392CE0BADA004A4029 /* Project object */ = {
			isa = PBXProject;
			attributes = {
				BuildIndependentTargetsInParallel = 1;
				LastSwiftUpdateCheck = 1540;
				LastUpgradeCheck = 1540;
				TargetAttributes = {
					1D999D402CE0BADA004A4029 = {
						CreatedOnToolsVersion = 15.4;
					};
				};
			};
			buildConfigurationList = 1D999D3C2CE0BADA004A4029 /* Build configuration list for PBXProject "Buttwink" */;
			compatibilityVersion = "Xcode 14.0";
			developmentRegion = en;
			hasScannedForEncodings = 0;
			knownRegions = (
				en,
				Base,
			);
			mainGroup = 1D999D382CE0BADA004A4029;
			packageReferences = (
				1D999D782CE0E2D1004A4029 /* XCRemoteSwiftPackageReference "RxSwift" */,
				1D999D792CE0E36D004A4029 /* XCRemoteSwiftPackageReference "Moya" */,
				1D7BB1E02CF472C00023AC1C /* XCRemoteSwiftPackageReference "Kingfisher" */,
				1D7BB1E32CF472CE0023AC1C /* XCRemoteSwiftPackageReference "SnapKit" */,
				1D7BB1E82CF472DA0023AC1C /* XCRemoteSwiftPackageReference "ButtwinkDesignSystem" */,
			);
			productRefGroup = 1D999D422CE0BADA004A4029 /* Products */;
			projectDirPath = "";
			projectRoot = "";
			targets = (
				1D999D402CE0BADA004A4029 /* Buttwink */,
			);
		};
/* End PBXProject section */

/* Begin PBXResourcesBuildPhase section */
		1D999D3F2CE0BADA004A4029 /* Resources */ = {
			isa = PBXResourcesBuildPhase;
			buildActionMask = 2147483647;
			files = (
				1D999D512CE0BADC004A4029 /* Base in Resources */,
			);
			runOnlyForDeploymentPostprocessing = 0;
		};
/* End PBXResourcesBuildPhase section */

/* Begin PBXSourcesBuildPhase section */
		1D999D3D2CE0BADA004A4029 /* Sources */ = {
			isa = PBXSourcesBuildPhase;
			buildActionMask = 2147483647;
			files = (
				1D999D8D2CE115EF004A4029 /* adjusted+.swift in Sources */,
				1D999D7B2CE11337004A4029 /* UIView+.swift in Sources */,
				1D999D492CE0BADA004A4029 /* ViewController.swift in Sources */,
				1D999D912CE11797004A4029 /* TabBarController.swift in Sources */,
				1D999D872CE1151B004A4029 /* UILabel+.swift in Sources */,
				1D999D8B2CE115B8004A4029 /* UITextField+.swift in Sources */,
				1DDA3FA32CF384440001EA85 /* TabBarItem.swift in Sources */,
				1D999D832CE1148F004A4029 /* UIViewController+.swift in Sources */,
				1D999D812CE11466004A4029 /* URL+.swift in Sources */,
				1D999D7D2CE113A7004A4029 /* Date+.swift in Sources */,
				1D999D452CE0BADA004A4029 /* AppDelegate.swift in Sources */,
				1D999D892CE11582004A4029 /* UIButton+.swift in Sources */,
				1D999D7F2CE113E8004A4029 /* String+.swift in Sources */,
				1D999D8F2CE11618004A4029 /* NSObject+.swift in Sources */,
				1D999D852CE114DE004A4029 /* UIStackView+.swift in Sources */,
				1D999D472CE0BADA004A4029 /* SceneDelegate.swift in Sources */,
			);
			runOnlyForDeploymentPostprocessing = 0;
		};
/* End PBXSourcesBuildPhase section */

/* Begin PBXVariantGroup section */
		1D999D4A2CE0BADA004A4029 /* Main.storyboard */ = {
			isa = PBXVariantGroup;
			children = (
				1D999D4B2CE0BADA004A4029 /* Base */,
			);
			name = Main.storyboard;
			sourceTree = "<group>";
		};
		1D999D4F2CE0BADC004A4029 /* LaunchScreen.storyboard */ = {
			isa = PBXVariantGroup;
			children = (
				1D999D502CE0BADC004A4029 /* Base */,
			);
			name = LaunchScreen.storyboard;
			sourceTree = "<group>";
		};
/* End PBXVariantGroup section */

/* Begin XCBuildConfiguration section */
		1D999D532CE0BADC004A4029 /* Debug */ = {
			isa = XCBuildConfiguration;
			buildSettings = {
				ALWAYS_SEARCH_USER_PATHS = NO;
				ASSETCATALOG_COMPILER_GENERATE_SWIFT_ASSET_SYMBOL_EXTENSIONS = YES;
				CLANG_ANALYZER_NONNULL = YES;
				CLANG_ANALYZER_NUMBER_OBJECT_CONVERSION = YES_AGGRESSIVE;
				CLANG_CXX_LANGUAGE_STANDARD = "gnu++20";
				CLANG_ENABLE_MODULES = YES;
				CLANG_ENABLE_OBJC_ARC = YES;
				CLANG_ENABLE_OBJC_WEAK = YES;
				CLANG_WARN_BLOCK_CAPTURE_AUTORELEASING = YES;
				CLANG_WARN_BOOL_CONVERSION = YES;
				CLANG_WARN_COMMA = YES;
				CLANG_WARN_CONSTANT_CONVERSION = YES;
				CLANG_WARN_DEPRECATED_OBJC_IMPLEMENTATIONS = YES;
				CLANG_WARN_DIRECT_OBJC_ISA_USAGE = YES_ERROR;
				CLANG_WARN_DOCUMENTATION_COMMENTS = YES;
				CLANG_WARN_EMPTY_BODY = YES;
				CLANG_WARN_ENUM_CONVERSION = YES;
				CLANG_WARN_INFINITE_RECURSION = YES;
				CLANG_WARN_INT_CONVERSION = YES;
				CLANG_WARN_NON_LITERAL_NULL_CONVERSION = YES;
				CLANG_WARN_OBJC_IMPLICIT_RETAIN_SELF = YES;
				CLANG_WARN_OBJC_LITERAL_CONVERSION = YES;
				CLANG_WARN_OBJC_ROOT_CLASS = YES_ERROR;
				CLANG_WARN_QUOTED_INCLUDE_IN_FRAMEWORK_HEADER = YES;
				CLANG_WARN_RANGE_LOOP_ANALYSIS = YES;
				CLANG_WARN_STRICT_PROTOTYPES = YES;
				CLANG_WARN_SUSPICIOUS_MOVE = YES;
				CLANG_WARN_UNGUARDED_AVAILABILITY = YES_AGGRESSIVE;
				CLANG_WARN_UNREACHABLE_CODE = YES;
				CLANG_WARN__DUPLICATE_METHOD_MATCH = YES;
				COPY_PHASE_STRIP = NO;
				DEBUG_INFORMATION_FORMAT = dwarf;
				ENABLE_STRICT_OBJC_MSGSEND = YES;
				ENABLE_TESTABILITY = YES;
				ENABLE_USER_SCRIPT_SANDBOXING = YES;
				GCC_C_LANGUAGE_STANDARD = gnu17;
				GCC_DYNAMIC_NO_PIC = NO;
				GCC_NO_COMMON_BLOCKS = YES;
				GCC_OPTIMIZATION_LEVEL = 0;
				GCC_PREPROCESSOR_DEFINITIONS = (
					"DEBUG=1",
					"$(inherited)",
				);
				GCC_WARN_64_TO_32_BIT_CONVERSION = YES;
				GCC_WARN_ABOUT_RETURN_TYPE = YES_ERROR;
				GCC_WARN_UNDECLARED_SELECTOR = YES;
				GCC_WARN_UNINITIALIZED_AUTOS = YES_AGGRESSIVE;
				GCC_WARN_UNUSED_FUNCTION = YES;
				GCC_WARN_UNUSED_VARIABLE = YES;
				IPHONEOS_DEPLOYMENT_TARGET = 17.5;
				LOCALIZATION_PREFERS_STRING_CATALOGS = YES;
				MTL_ENABLE_DEBUG_INFO = INCLUDE_SOURCE;
				MTL_FAST_MATH = YES;
				ONLY_ACTIVE_ARCH = YES;
				SDKROOT = iphoneos;
				SWIFT_ACTIVE_COMPILATION_CONDITIONS = "DEBUG $(inherited)";
				SWIFT_OPTIMIZATION_LEVEL = "-Onone";
			};
			name = Debug;
		};
		1D999D542CE0BADC004A4029 /* Release */ = {
			isa = XCBuildConfiguration;
			buildSettings = {
				ALWAYS_SEARCH_USER_PATHS = NO;
				ASSETCATALOG_COMPILER_GENERATE_SWIFT_ASSET_SYMBOL_EXTENSIONS = YES;
				CLANG_ANALYZER_NONNULL = YES;
				CLANG_ANALYZER_NUMBER_OBJECT_CONVERSION = YES_AGGRESSIVE;
				CLANG_CXX_LANGUAGE_STANDARD = "gnu++20";
				CLANG_ENABLE_MODULES = YES;
				CLANG_ENABLE_OBJC_ARC = YES;
				CLANG_ENABLE_OBJC_WEAK = YES;
				CLANG_WARN_BLOCK_CAPTURE_AUTORELEASING = YES;
				CLANG_WARN_BOOL_CONVERSION = YES;
				CLANG_WARN_COMMA = YES;
				CLANG_WARN_CONSTANT_CONVERSION = YES;
				CLANG_WARN_DEPRECATED_OBJC_IMPLEMENTATIONS = YES;
				CLANG_WARN_DIRECT_OBJC_ISA_USAGE = YES_ERROR;
				CLANG_WARN_DOCUMENTATION_COMMENTS = YES;
				CLANG_WARN_EMPTY_BODY = YES;
				CLANG_WARN_ENUM_CONVERSION = YES;
				CLANG_WARN_INFINITE_RECURSION = YES;
				CLANG_WARN_INT_CONVERSION = YES;
				CLANG_WARN_NON_LITERAL_NULL_CONVERSION = YES;
				CLANG_WARN_OBJC_IMPLICIT_RETAIN_SELF = YES;
				CLANG_WARN_OBJC_LITERAL_CONVERSION = YES;
				CLANG_WARN_OBJC_ROOT_CLASS = YES_ERROR;
				CLANG_WARN_QUOTED_INCLUDE_IN_FRAMEWORK_HEADER = YES;
				CLANG_WARN_RANGE_LOOP_ANALYSIS = YES;
				CLANG_WARN_STRICT_PROTOTYPES = YES;
				CLANG_WARN_SUSPICIOUS_MOVE = YES;
				CLANG_WARN_UNGUARDED_AVAILABILITY = YES_AGGRESSIVE;
				CLANG_WARN_UNREACHABLE_CODE = YES;
				CLANG_WARN__DUPLICATE_METHOD_MATCH = YES;
				COPY_PHASE_STRIP = NO;
				DEBUG_INFORMATION_FORMAT = "dwarf-with-dsym";
				ENABLE_NS_ASSERTIONS = NO;
				ENABLE_STRICT_OBJC_MSGSEND = YES;
				ENABLE_USER_SCRIPT_SANDBOXING = YES;
				GCC_C_LANGUAGE_STANDARD = gnu17;
				GCC_NO_COMMON_BLOCKS = YES;
				GCC_WARN_64_TO_32_BIT_CONVERSION = YES;
				GCC_WARN_ABOUT_RETURN_TYPE = YES_ERROR;
				GCC_WARN_UNDECLARED_SELECTOR = YES;
				GCC_WARN_UNINITIALIZED_AUTOS = YES_AGGRESSIVE;
				GCC_WARN_UNUSED_FUNCTION = YES;
				GCC_WARN_UNUSED_VARIABLE = YES;
				IPHONEOS_DEPLOYMENT_TARGET = 17.5;
				LOCALIZATION_PREFERS_STRING_CATALOGS = YES;
				MTL_ENABLE_DEBUG_INFO = NO;
				MTL_FAST_MATH = YES;
				SDKROOT = iphoneos;
				SWIFT_COMPILATION_MODE = wholemodule;
				VALIDATE_PRODUCT = YES;
			};
			name = Release;
		};
		1D999D562CE0BADC004A4029 /* Debug */ = {
			isa = XCBuildConfiguration;
			buildSettings = {
				ASSETCATALOG_COMPILER_APPICON_NAME = AppIcon;
				ASSETCATALOG_COMPILER_GLOBAL_ACCENT_COLOR_NAME = AccentColor;
				CODE_SIGN_STYLE = Automatic;
				CURRENT_PROJECT_VERSION = 1;
				DEVELOPMENT_TEAM = D2Z7W8F79Y;
				GENERATE_INFOPLIST_FILE = YES;
				INFOPLIST_FILE = Buttwink/Resource/info.plist;
				INFOPLIST_KEY_UIApplicationSupportsIndirectInputEvents = YES;
				INFOPLIST_KEY_UILaunchStoryboardName = LaunchScreen;
				INFOPLIST_KEY_UISupportedInterfaceOrientations_iPad = "UIInterfaceOrientationPortrait UIInterfaceOrientationPortraitUpsideDown UIInterfaceOrientationLandscapeLeft UIInterfaceOrientationLandscapeRight";
				INFOPLIST_KEY_UISupportedInterfaceOrientations_iPhone = "UIInterfaceOrientationPortrait UIInterfaceOrientationLandscapeLeft UIInterfaceOrientationLandscapeRight";
				LD_RUNPATH_SEARCH_PATHS = (
					"$(inherited)",
					"@executable_path/Frameworks",
				);
				MARKETING_VERSION = 1.0;
				PRODUCT_BUNDLE_IDENTIFIER = None.Buttwink;
				PRODUCT_NAME = "$(TARGET_NAME)";
				SWIFT_EMIT_LOC_STRINGS = YES;
				SWIFT_VERSION = 5.0;
				TARGETED_DEVICE_FAMILY = "1,2";
			};
			name = Debug;
		};
		1D999D572CE0BADC004A4029 /* Release */ = {
			isa = XCBuildConfiguration;
			buildSettings = {
				ASSETCATALOG_COMPILER_APPICON_NAME = AppIcon;
				ASSETCATALOG_COMPILER_GLOBAL_ACCENT_COLOR_NAME = AccentColor;
				CODE_SIGN_STYLE = Automatic;
				CURRENT_PROJECT_VERSION = 1;
				DEVELOPMENT_TEAM = D2Z7W8F79Y;
				GENERATE_INFOPLIST_FILE = YES;
				INFOPLIST_FILE = Buttwink/Resource/info.plist;
				INFOPLIST_KEY_UIApplicationSupportsIndirectInputEvents = YES;
				INFOPLIST_KEY_UILaunchStoryboardName = LaunchScreen;
				INFOPLIST_KEY_UISupportedInterfaceOrientations_iPad = "UIInterfaceOrientationPortrait UIInterfaceOrientationPortraitUpsideDown UIInterfaceOrientationLandscapeLeft UIInterfaceOrientationLandscapeRight";
				INFOPLIST_KEY_UISupportedInterfaceOrientations_iPhone = "UIInterfaceOrientationPortrait UIInterfaceOrientationLandscapeLeft UIInterfaceOrientationLandscapeRight";
				LD_RUNPATH_SEARCH_PATHS = (
					"$(inherited)",
					"@executable_path/Frameworks",
				);
				MARKETING_VERSION = 1.0;
				PRODUCT_BUNDLE_IDENTIFIER = None.Buttwink;
				PRODUCT_NAME = "$(TARGET_NAME)";
				SWIFT_EMIT_LOC_STRINGS = YES;
				SWIFT_VERSION = 5.0;
				TARGETED_DEVICE_FAMILY = "1,2";
			};
			name = Release;
		};
/* End XCBuildConfiguration section */

/* Begin XCConfigurationList section */
		1D999D3C2CE0BADA004A4029 /* Build configuration list for PBXProject "Buttwink" */ = {
			isa = XCConfigurationList;
			buildConfigurations = (
				1D999D532CE0BADC004A4029 /* Debug */,
				1D999D542CE0BADC004A4029 /* Release */,
			);
			defaultConfigurationIsVisible = 0;
			defaultConfigurationName = Release;
		};
		1D999D552CE0BADC004A4029 /* Build configuration list for PBXNativeTarget "Buttwink" */ = {
			isa = XCConfigurationList;
			buildConfigurations = (
				1D999D562CE0BADC004A4029 /* Debug */,
				1D999D572CE0BADC004A4029 /* Release */,
			);
			defaultConfigurationIsVisible = 0;
			defaultConfigurationName = Release;
		};
/* End XCConfigurationList section */

/* Begin XCRemoteSwiftPackageReference section */
		1D7BB1E02CF472C00023AC1C /* XCRemoteSwiftPackageReference "Kingfisher" */ = {
			isa = XCRemoteSwiftPackageReference;
			repositoryURL = "https://github.com/onevcat/Kingfisher.git";
			requirement = {
				kind = upToNextMajorVersion;
				minimumVersion = 8.1.1;
			};
		};
		1D7BB1E32CF472CE0023AC1C /* XCRemoteSwiftPackageReference "SnapKit" */ = {
			isa = XCRemoteSwiftPackageReference;
			repositoryURL = "https://github.com/SnapKit/SnapKit.git";
			requirement = {
				kind = upToNextMajorVersion;
				minimumVersion = 5.7.1;
			};
		};
		1D7BB1E82CF472DA0023AC1C /* XCRemoteSwiftPackageReference "ButtwinkDesignSystem" */ = {
			isa = XCRemoteSwiftPackageReference;
			repositoryURL = "https://github.com/GodSamble/ButtwinkDesignSystem";
			requirement = {
				branch = main;
				kind = branch;
			};
		};
		1D999D782CE0E2D1004A4029 /* XCRemoteSwiftPackageReference "RxSwift" */ = {
			isa = XCRemoteSwiftPackageReference;
			repositoryURL = "https://github.com/ReactiveX/RxSwift.git";
			requirement = {
				kind = upToNextMajorVersion;
				minimumVersion = 6.8.0;
			};
		};
		1D999D792CE0E36D004A4029 /* XCRemoteSwiftPackageReference "Moya" */ = {
			isa = XCRemoteSwiftPackageReference;
			repositoryURL = "https://github.com/Moya/Moya.git";
			requirement = {
				kind = upToNextMajorVersion;
				minimumVersion = 15.0.3;
			};
		};
/* End XCRemoteSwiftPackageReference section */

/* Begin XCSwiftPackageProductDependency section */
		1D7BB1E12CF472C00023AC1C /* Kingfisher */ = {
			isa = XCSwiftPackageProductDependency;
			package = 1D7BB1E02CF472C00023AC1C /* XCRemoteSwiftPackageReference "Kingfisher" */;
			productName = Kingfisher;
		};
		1D7BB1E42CF472CE0023AC1C /* SnapKit */ = {
			isa = XCSwiftPackageProductDependency;
			package = 1D7BB1E32CF472CE0023AC1C /* XCRemoteSwiftPackageReference "SnapKit" */;
			productName = SnapKit;
		};
		1D7BB1E92CF472DA0023AC1C /* DesignSystem */ = {
			isa = XCSwiftPackageProductDependency;
			package = 1D7BB1E82CF472DA0023AC1C /* XCRemoteSwiftPackageReference "ButtwinkDesignSystem" */;
			productName = DesignSystem;
		};
/* End XCSwiftPackageProductDependency section */
	};
	rootObject = 1D999D392CE0BADA004A4029 /* Project object */;
}
